
Microsoft Visual Studio Solution File, Format Version 12.00
# Visual Studio Version 16
VisualStudioVersion = 16.0.32413.511
MinimumVisualStudioVersion = 10.0.40219.1
Project("{FAE04EC0-301F-11D3-BF4B-00C04F79EFBC}") = "CalculatorApp", "CalculatorApp\CalculatorApp.csproj", "{30BB4098-051C-4C13-AAEC-B4FFED8966EC}"
EndProject
Global
	GlobalSection(SolutionConfigurationPlatforms) = preSolution
		Debug|Any CPU = Debug|Any CPU
		Release|Any CPU = Release|Any CPU
	EndGlobalSection
	GlobalSection(ProjectConfigurationPlatforms) = postSolution
		{30BB4098-051C-4C13-AAEC-B4FFED8966EC}.Debug|Any CPU.ActiveCfg = Debug|Any CPU
		{30BB4098-051C-4C13-AAEC-B4FFED8966EC}.Debug|Any CPU.Build.0 = Debug|Any CPU
		{30BB4098-051C-4C13-AAEC-B4FFED8966EC}.Release|Any CPU.ActiveCfg = Release|Any CPU
		{30BB4098-051C-4C13-AAEC-B4FFED8966EC}.Release|Any CPU.Build.0 = Release|Any CPU
	EndGlobalSection
	GlobalSection(SolutionProperties) = preSolution
		HideSolutionNode = FALSE
	EndGlobalSection
	GlobalSection(ExtensibilityGlobals) = postSolution
		SolutionGuid = {B326A8F2-82F1-4113-86B8-508CDA6280F8}
	EndGlobalSection
EndGlobal
